
Microsoft Visual Studio Solution File, Format Version 12.00
# Visual Studio Version 17
VisualStudioVersion = 17.0.31903.59
MinimumVisualStudioVersion = 10.0.40219.1
Project("{FAE04EC0-301F-11D3-BF4B-00C04F79EFBC}") = "Bookstore.Api", "Bookstore.Api\Bookstore.Api.csproj", "{3497A9DE-6881-4BCE-8911-50957EDE11AE}"
EndProject
Project("{FAE04EC0-301F-11D3-BF4B-00C04F79EFBC}") = "Bookstore.Application", "Bookstore.Application\Bookstore.Application.csproj", "{F1AA01B9-FF51-4636-90CD-B746D49B4A82}"
EndProject
Project("{FAE04EC0-301F-11D3-BF4B-00C04F79EFBC}") = "Bookstore.Domain", "Bookstore.Domain\Bookstore.Domain.csproj", "{AE84D467-DB92-4696-B4B6-6D90B442AD44}"
EndProject
Project("{FAE04EC0-301F-11D3-BF4B-00C04F79EFBC}") = "Bookstore.Infra.Data", "Bookstore.Infra.Data\Bookstore.Infra.Data.csproj", "{105A49EE-2155-43D5-8940-C039A3A82040}"
EndProject
Project("{FAE04EC0-301F-11D3-BF4B-00C04F79EFBC}") = "Bookstore.Infra.IoC", "Bookstore.Infra.IoC\Bookstore.Infra.IoC.csproj", "{67FF8A2B-A9F4-4C00-A813-D3CD48BDA64D}"
EndProject
Project("{2150E333-8FDC-42A3-9474-1A3956D46DE8}") = "01 - API", "01 - API", "{43350C79-BCA2-43F9-A321-C5895CF62732}"
EndProject
Global
	GlobalSection(SolutionConfigurationPlatforms) = preSolution
		Debug|Any CPU = Debug|Any CPU
		Release|Any CPU = Release|Any CPU
	EndGlobalSection
	GlobalSection(SolutionProperties) = preSolution
		HideSolutionNode = FALSE
	EndGlobalSection
	GlobalSection(ProjectConfigurationPlatforms) = postSolution
		{3497A9DE-6881-4BCE-8911-50957EDE11AE}.Debug|Any CPU.ActiveCfg = Debug|Any CPU
		{3497A9DE-6881-4BCE-8911-50957EDE11AE}.Debug|Any CPU.Build.0 = Debug|Any CPU
		{3497A9DE-6881-4BCE-8911-50957EDE11AE}.Release|Any CPU.ActiveCfg = Release|Any CPU
		{3497A9DE-6881-4BCE-8911-50957EDE11AE}.Release|Any CPU.Build.0 = Release|Any CPU
		{F1AA01B9-FF51-4636-90CD-B746D49B4A82}.Debug|Any CPU.ActiveCfg = Debug|Any CPU
		{F1AA01B9-FF51-4636-90CD-B746D49B4A82}.Debug|Any CPU.Build.0 = Debug|Any CPU
		{F1AA01B9-FF51-4636-90CD-B746D49B4A82}.Release|Any CPU.ActiveCfg = Release|Any CPU
		{F1AA01B9-FF51-4636-90CD-B746D49B4A82}.Release|Any CPU.Build.0 = Release|Any CPU
		{AE84D467-DB92-4696-B4B6-6D90B442AD44}.Debug|Any CPU.ActiveCfg = Debug|Any CPU
		{AE84D467-DB92-4696-B4B6-6D90B442AD44}.Debug|Any CPU.Build.0 = Debug|Any CPU
		{AE84D467-DB92-4696-B4B6-6D90B442AD44}.Release|Any CPU.ActiveCfg = Release|Any CPU
		{AE84D467-DB92-4696-B4B6-6D90B442AD44}.Release|Any CPU.Build.0 = Release|Any CPU
		{105A49EE-2155-43D5-8940-C039A3A82040}.Debug|Any CPU.ActiveCfg = Debug|Any CPU
		{105A49EE-2155-43D5-8940-C039A3A82040}.Debug|Any CPU.Build.0 = Debug|Any CPU
		{105A49EE-2155-43D5-8940-C039A3A82040}.Release|Any CPU.ActiveCfg = Release|Any CPU
		{105A49EE-2155-43D5-8940-C039A3A82040}.Release|Any CPU.Build.0 = Release|Any CPU
		{67FF8A2B-A9F4-4C00-A813-D3CD48BDA64D}.Debug|Any CPU.ActiveCfg = Debug|Any CPU
		{67FF8A2B-A9F4-4C00-A813-D3CD48BDA64D}.Debug|Any CPU.Build.0 = Debug|Any CPU
		{67FF8A2B-A9F4-4C00-A813-D3CD48BDA64D}.Release|Any CPU.ActiveCfg = Release|Any CPU
		{67FF8A2B-A9F4-4C00-A813-D3CD48BDA64D}.Release|Any CPU.Build.0 = Release|Any CPU
	EndGlobalSection
EndGlobal
